
Microsoft Visual Studio Solution File, Format Version 12.00
# Visual Studio Version 17
VisualStudioVersion = 17.8.34511.84
MinimumVisualStudioVersion = 10.0.40219.1
Project("{FAE04EC0-301F-11D3-BF4B-00C04F79EFBC}") = "CSharp_Buoi3", "CSharp_Buoi3.csproj", "{0807E079-5309-427E-B5B3-D33AB536358C}"
EndProject
Global
	GlobalSection(SolutionConfigurationPlatforms) = preSolution
		Debug|Any CPU = Debug|Any CPU
		Release|Any CPU = Release|Any CPU
	EndGlobalSection
	GlobalSection(ProjectConfigurationPlatforms) = postSolution
		{0807E079-5309-427E-B5B3-D33AB536358C}.Debug|Any CPU.ActiveCfg = Debug|Any CPU
		{0807E079-5309-427E-B5B3-D33AB536358C}.Debug|Any CPU.Build.0 = Debug|Any CPU
		{0807E079-5309-427E-B5B3-D33AB536358C}.Release|Any CPU.ActiveCfg = Release|Any CPU
		{0807E079-5309-427E-B5B3-D33AB536358C}.Release|Any CPU.Build.0 = Release|Any CPU
	EndGlobalSection
	GlobalSection(SolutionProperties) = preSolution
		HideSolutionNode = FALSE
	EndGlobalSection
	GlobalSection(ExtensibilityGlobals) = postSolution
		SolutionGuid = {2F98E885-5D51-46EF-BCE1-2E04F7585435}
	EndGlobalSection
EndGlobal
